
Microsoft Visual Studio Solution File, Format Version 12.00
# Visual Studio Express 2012 for Windows Desktop
Project("{F184B08F-C81C-45F6-A57F-5ABD9991F28F}") = "利息計算程式", "利息計算程式.vbproj", "{928F54EE-40EB-43E1-9821-00E5E43CF71A}"
EndProject
Global
	GlobalSection(SolutionConfigurationPlatforms) = preSolution
		Debug|Any CPU = Debug|Any CPU
		Release|Any CPU = Release|Any CPU
	EndGlobalSection
	GlobalSection(ProjectConfigurationPlatforms) = postSolution
		{928F54EE-40EB-43E1-9821-00E5E43CF71A}.Debug|Any CPU.ActiveCfg = Debug|Any CPU
		{928F54EE-40EB-43E1-9821-00E5E43CF71A}.Debug|Any CPU.Build.0 = Debug|Any CPU
		{928F54EE-40EB-43E1-9821-00E5E43CF71A}.Release|Any CPU.ActiveCfg = Release|Any CPU
		{928F54EE-40EB-43E1-9821-00E5E43CF71A}.Release|Any CPU.Build.0 = Release|Any CPU
	EndGlobalSection
	GlobalSection(SolutionProperties) = preSolution
		HideSolutionNode = FALSE
	EndGlobalSection
EndGlobal
