
Microsoft Visual Studio Solution File, Format Version 12.00
# Visual Studio Express 2012 for Windows Desktop
Project("{F184B08F-C81C-45F6-A57F-5ABD9991F28F}") = "單行文字方塊", "單行文字方塊.vbproj", "{22E774FF-CFA0-4A87-8C02-C929FCFD0B3B}"
EndProject
Global
	GlobalSection(SolutionConfigurationPlatforms) = preSolution
		Debug|Any CPU = Debug|Any CPU
		Release|Any CPU = Release|Any CPU
	EndGlobalSection
	GlobalSection(ProjectConfigurationPlatforms) = postSolution
		{22E774FF-CFA0-4A87-8C02-C929FCFD0B3B}.Debug|Any CPU.ActiveCfg = Debug|Any CPU
		{22E774FF-CFA0-4A87-8C02-C929FCFD0B3B}.Debug|Any CPU.Build.0 = Debug|Any CPU
		{22E774FF-CFA0-4A87-8C02-C929FCFD0B3B}.Release|Any CPU.ActiveCfg = Release|Any CPU
		{22E774FF-CFA0-4A87-8C02-C929FCFD0B3B}.Release|Any CPU.Build.0 = Release|Any CPU
	EndGlobalSection
	GlobalSection(SolutionProperties) = preSolution
		HideSolutionNode = FALSE
	EndGlobalSection
EndGlobal
