
Microsoft Visual Studio Solution File, Format Version 12.00
# Visual Studio Express 2012 for Windows Desktop
Project("{F184B08F-C81C-45F6-A57F-5ABD9991F28F}") = "測試屬性", "測試屬性.vbproj", "{5FABD16F-9208-46A4-BA62-790A1B8FD0F1}"
EndProject
Global
	GlobalSection(SolutionConfigurationPlatforms) = preSolution
		Debug|Any CPU = Debug|Any CPU
		Release|Any CPU = Release|Any CPU
	EndGlobalSection
	GlobalSection(ProjectConfigurationPlatforms) = postSolution
		{5FABD16F-9208-46A4-BA62-790A1B8FD0F1}.Debug|Any CPU.ActiveCfg = Debug|Any CPU
		{5FABD16F-9208-46A4-BA62-790A1B8FD0F1}.Debug|Any CPU.Build.0 = Debug|Any CPU
		{5FABD16F-9208-46A4-BA62-790A1B8FD0F1}.Release|Any CPU.ActiveCfg = Release|Any CPU
		{5FABD16F-9208-46A4-BA62-790A1B8FD0F1}.Release|Any CPU.Build.0 = Release|Any CPU
	EndGlobalSection
	GlobalSection(SolutionProperties) = preSolution
		HideSolutionNode = FALSE
	EndGlobalSection
EndGlobal
